_alLaot;R0jcqU
z8in663cs`Pt34Kf^s&LZFytk=(bYL7Lp40g4WDB~;0~_sywm2jYte6S-AgvJ7!f^4
zv~=yV71l39(Xt)ojE!OBus#_M{~^QZlVPGvh0TQ{7?`t9<+a1rl(O08;h!NOtMpfJ
zO&;5W-ycK1K!dx<J{*$8PpQC}`EnG6ALr8$SUek)8u4t9@)SE{)@kf&LwR~L89otK
zyUnwnIwVhG39G{mg-xa$#x-*Jgs18qHs4_zK*@VKQ%&CcpbNLjh2y#o^4_N%hBELH
z5}{l#%e^U13-U(9{XkIC%W^2FJEJTh$P&}bvaz<{5rz#Ghy-tO6GzZTF%^mVML_uM
zGtB&NIN{6K;;EW4Zo=3})zRvfs^wEAPp%%{Jh261u3DqxTb56pysRZfj}PFk_l>hK
zD7m#YyE~#F$@lOOzAzHfIyATbOz}Ge1($ip-R1p)i!d?3Slmzsn7n2L_thq=cS(uf
zCFNm9BZSr%7upc)Lk?rX5Nx2h{`L1R*S`)YX<8S2GS`376RtDPr1nR5xc;W$`d-6z
z4CT@4>NUr8Qo?mo!gayOb-~DW!N_&NddqbxxBIh{_3z~7`hIp)`HOQ#pHwnqAMOcb
zQ=L!U;cTYz{5Qv0Qo>nMo+?Dn3&y#uf;Bme`w0j(P@MhtyPC6$x>sa3_k^>IGpWd8
z6~AN?Bb}yxGeeo(?Kn$HI7>=6D;PN|7&$8#IV)IiIeQr@l3@Xlq`!VXbI>E%Hby2O
zPo0`&x^vIl;bxyy+Z@*oJJYC>hNHiM@2C6Nf*hz;Y1(+-1L@WoPmiR(GPo0kuN$@e
zd^#VyYuho-B$d$}jghG?_y;1BHZ>{H7^FPK1=a*xW+*Hy;jjlCHc%R)eo$i!YK$lb
z=49<(c+dOaf*Rv)6uxd~jE0_Q493}GjgiU5cpH(4#vmmcgOq3t!Kg6=qs9=78bh$&
zY7FFy`dpTF!GGqq9{ayb!>{c#_Fg2L{*U&=Kn!$K^hMXd>^MhCI7iCUi;W4kODQE-
z4RTws*@nU_s9t(+a&hjv|7y<Vch9u{ubyy@ar#PKcQ}`+%<XcVBPE<8C7ctCoD+<k
z6O5b_thbzd1^)D|K;M+#uK#Lo&JFfWwYTN0$I@E8eYDWu^L1mQZ_2M_Gj>BIYuO+5
zq^zd&H+849X0oZ@bfuM)lvYxn`hO@*g8kM|o*IvOQLxE|>b;)LRa);JEUnVO?qkUs
zEUjzX#4OjXUg-x<Us~VkUd{T$o|IO`>8n{&SBdS3&up(Nt)!&1l9JLY7)z^QEUkjE
zv<il)teBI1?WXp~R>cETd%ETpu!}f?t3%PJn|=rn`^R|L`ZPGvx&&{1B4F?G8N66`
zIp5?;^M?1rxZK8BYu8<=d%QCCeH@_sg1M;_duW+6oWvbM24NqB#VcFeT6KUj++t5T
z=PzaJ9QF_0eTf2gK+^2(<Bv;$PECbc1oCg6upUtObZjJ1ROElfM;NjQ`?knz@ZdR1
zuU$-Lhx__(%1n1OzukPf9#R&pmnaXxe!P3&9j1(Y4QJ-#*KwvKdQsbQBPEhf%2O4v
z69ua@6!yGz*m#GrJ6XbU5de9%)nTg~)&R+saAzAzkH^STN)9UOZ7F#LZ~bnTQu2k|
zrDVVN7TJQ3u}5J53&P)03&I!?alb5|kqRvr$X^gT0HrAiF^23*LGbm8WGV<L{Ukjp
z2?bGG5=co&AmynLq)D(LhVt~nzk(g)FqR3yCOd4d!{#|`JmlYmGnB6+6iIzyYl@1Z
zOl6=PrI$yhnxX<X!hzlwK0_@~ir*Q|mzuGr7#t6d)eZ-HU(#B(@2%b!t6cAH%HT=m
zUg}w`is9Y1DlViOc36^Cu`(4}lM1a*g)Sphl(Iooj)_Lbbl}GtlQ@IM3|bD<57{gS
z>J4i-jEq`+NlNr3DNkJp6(d-ap*(e!!!|hVlMefg!<wMA<k=QO`E+AiTe>`>hRkJ4
z{|XxUGg+*J+jCn91K~TivYOHVIDm%0>#2r7H7o99Bl)aUXr(}YL*Q~iX$*l44A~b$
zz~@8FAl8u5pk(*N5_kvYMtU<yiDZ-VFe6ea!TxM0Prc!=w;V>BK*GJxP}si6VJA84
zVATH-?l42;lJ>)kGT8&Uq<t&O*vA51TRsC=x2!&qTiOS`wu4?<?N#XUtSrAD$m+L@
zUZ4TgZ@*8~Z%0!fCF{3Ysn9Zk{QB)uKxy>bhZ(Xj`pxIb%B0`=qTNcPR=bfB?MBK|
zPeTU@_N<}Mm*lWr4jT%UA>oD@%2S6s>?ntE(!GS^q<eV>{9>`Iip>P(_M!84Li?!B
zE!s1N^%u;HbvkocJEvcY2BY!yfk^cc^pVX$N}meU>wE?YQwQUBLvBs?t{N9Uo0HaC
z8}+s}Tpc6hT=fH;tBjw?reQgPSAl}7Y<8<z^SZU$mh2x`T8f7FeE^kOx|5*UsgO*Q
zPYU%B1&347ke~yM*Z%mw##at4@k5(Zp&^WHXo+1p>}p*4BhKwr^NoccX}oI8CVwU+
zmbsYAyfg>ph!%1Y&eIL{TfCmK^*qi<nR*WAVdlC7=NE8IhWs99`rJxT+QhyfB_)uQ
zr;g8)yJ2lD2*&yU5{~o#1&cb2o;Ja*gVam7>kXxCiL9kf77plJX*&UL`(c*S_L<zJ
zZGZdPf(0t$@a+CBP%ozzs1s64&)if<Rx3y<P#Y*sxeL^{QcKU4RH)Ad$~PK4dx6rH
zd4HFvp;23+NJ)tz<tZ-@3#DpoxS?bj2En)tgM{O#2*K#F6KpjkTd;M8%3Y#l{f54k
zsH;)2jR<(|{PowI<Do?KG3dD)95<aZMa`_T@SY#(p+`XmRrQ@s860^1t*XyOAq&_(
zt*Ow(sgNuhk)*1x>Yl2e$H<axpM|N=5JuJ)+lN_b+=AIvHCq||t*PG^wVIlgXlhcP
zYK93V*a}0*Y8ZlXH4F)Ns|$CB!?r+UO1N!?%B`to8I8VaYOF1%ZpmW%d@;A}GXNgM
zV42A{1hv1*%$`*9=KZO*%)C@c*6v6uGqLWKnfp?0nQf_1pUaGI#BH`RGY};v<Vp-F
zDKVrx^%s;+!S)zR79|lZFHi1Dt3ojPAm!P4kX*soFE3cGwz;fk(zg=x4$AB&0$xbJ
zZPS&z#0+{N2fdJe_Cf}AWX1uc{jDQ^m#QO=OjU?AsgNw8lB6SL36-2am9L~K#0OKM
zKI=%|c-d?^GIg!;{_v?B2#qK{6;h%lNqOpb&~JkM-cYhOj9^?FM#3Ee%_JConS#~8
znh<QZp|o8wA3I2FoL^wp{Kf(?@%m!z$i!f#&Mn2Va|As;KWNJ2!yJXXh|;Y^LLVlt
z`J*<!3!3_W0+xk+=4jmiRBk=_?($)-ZNv(ktFtd|aS-fMyN}EC#@e<O>l>?PIB#V!
zK3k5&{%3waA(#7zgpvw~tdHRei1io#2_fktWM-!x6)_ok=kpQT#d*0eOCn+E7Jng+
zf<5SuD;49bp1_&B`vuPQ14f+8k`kFE<*8%9eZlAv6zmL#o#n6>9k$b9sKp_lrGEL0
zKt3U*JMm5|mk$w*P(&l@eYn1_DU*nf#$6_xN#zj~(f`IPzZVcu`wXS?=G-E>-yMHG
zDa`2f>$wzCYPm*Go)wPjgw)#H<6SOL#32-ZspY~I0jZT`AX23EFWr(_pCc~4)DmSP
zm|!EzNUnIhQ@YK`&urpM7F%&Hidq#+O2nCzr-~pcf_aAW)cYMa)?rH>w#;D|I%}RS
zH<VVv@w&*qDl5}V9xm2W$_={GcNy8ia#n`~yNphTpbrnY-28*(PD49fjzO2(pv&#w
z+~wv|l6N*yZ|R;#ZY=~O#T;CO-)@PTs1dUbyl41uV|pcNi=|bPRGNMzc|M9?U`Smw
z6<Q^bt>wAtYtMQG?`(3OF=|PsiW^5JzRzk@en(E-nQky0O#xV!+7zG?wz~6RXf82d
zNr~<x<tc7{BN!cIf_=<kafkiDVLx_Q3|dW|y~a?YJ8KI%cNM4EHE@XDHSp!~^cx25
zSYEQ`;a5xkxapOWvbw#$soN_{9v+0xkc|V;W-%1ahTv*$^MNr(d5;HGFnj!Yy$8R;
zq26x}m=k=4VYqPOZMn^ff$*jI3PVOeS|qF8YCqTtH#5P%?Zm6v0tiLM7DWmsェント</Filter>
    </ClCompile>
    <ClCompile Include="AgentPut.cpp">
      <Filter>エージェント</Filter>
    </ClCompile>
    <ClCompile Include="AgentDisp.cpp">
      <Filter>エージェント</Filter>
    </ClCompile>
    <ClCompile Include="QAgentPut.cpp">
      <Filter>エージェント</Filter>
    </ClCompile>
  </ItemGroup>
</Project>