
Microsoft Visual Studio Solution File, Format Version 12.00
# Visual Studio 14
VisualStudioVersion = 14.0.24720.0
MinimumVisualStudioVersion = 10.0.40219.1
Project("{8BC9CEB8-8B4A-11D0-8D11-00A0C91BC942}") = "DxFunc", "..\..\MyLib\LibraryMaker\DxFuncLib\DxFuncLib.vcxproj", "{7CA43497-1CEF-4101-B766-961DEFC3009A}"
EndProject
Project("{8BC9CEB8-8B4A-11D0-8D11-00A0C91BC942}") = "COselo", "..\Console\Oselo\Oselo.vcxproj", "{B147C7C0-4C38-47B7-BA1A-A42C8A8D4164}"
EndProject
Project("{8BC9CEB8-8B4A-11D0-8D11-00A0C91BC942}") = "DXOselo", "Oselo\DXOselo.vcxproj", "{361C812C-4CD0-4299-945F-56AB31BAE9AF}"
EndProject
Global
	GlobalSection(SolutionConfigurationPlatforms) = preSolution
		Debug|x64 = Debug|x64
		Debug|x86 = Debug|x86
		Release|x64 = Release|x64
		Release|x86 = Release|x86
	EndGlobalSection
	GlobalSection(ProjectConfigurationPlatforms) = postSolution
		{7CA43497-1CEF-4101-B766-961DEFC3009A}.Debug|x64.ActiveCfg = Debug|x64
		{7CA43497-1CEF-4101-B766-961DEFC3009A}.Debug|x64.Build.0 = Debug|x64
		{7CA43497-1CEF-4101-B766-961DEFC3009A}.Debug|x86.ActiveCfg = Debug|Win32
		{7CA43497-1CEF-4101-B766-961DEFC3009A}.Debug|x86.Build.0 = Debug|Win32
		{7CA43497-1CEF-4101-B766-961DEFC3009A}.Release|x64.ActiveCfg = Release|x64
		{7CA43497-1CEF-4101-B766-961DEFC3009A}.Release|x64.Build.0 = Release|x64
		{7CA43497-1CEF-4101-B766-961DEFC3009A}.Release|x86.ActiveCfg = Release|Win32
		{7CA43497-1CEF-4101-B766-961DEFC3009A}.Release|x86.Build.0 = Release|Win32
		{B147C7C0-4C38-47B7-BA1A-A42C8A8D4164}.Debug|x64.ActiveCfg = Debug|x64
		{B147C7C0-4C38-47B7-BA1A-A42C8A8D4164}.Debug|x64.Build.0 = Debug|x64
		{B147C7C0-4C38-47B7-BA1A-A42C8A8D4164}.Debug|x86.ActiveCfg = Debug|Win32
		{B147C7C0-4C38-47B7-BA1A-A42C8A8D4164}.Debug|x86.Build.0 = Debug|Win32
		{B147C7C0-4C38-47B7-BA1A-A42C8A8D4164}.Release|x64.ActiveCfg = Release|x64
		{B147C7C0-4C38-47B7-BA1A-A42C8A8D4164}.Release|x64.Build.0 = Release|x64
		{B147C7C0-4C38-47B7-BA1A-A42C8A8D4164}.Release|x86.ActiveCfg = Release|Win32
		{B147C7C0-4C38-47B7-BA1A-A42C8A8D4164}.Release|x86.Build.0 = Release|Win32
		{361C812C-4CD0-4299-945F-56AB31BAE9AF}.Debug|x64.ActiveCfg = Debug|x64
		{361C812C-4CD0-4299-945F-56AB31BAE9AF}.Debug|x64.Build.0 = Debug|x64
		{361C812C-4CD0-4299-945F-56AB31BAE9AF}.Debug|x86.ActiveCfg = Debug|Win32
		{361C812C-4CD0-4299-945F-56AB31BAE9AF}.Debug|x86.Build.0 = Debug|Win32
		{361C812C-4CD0-4299-945F-56AB31BAE9AF}.Release|x64.ActiveCfg = Release|x64
		{361C812C-4CD0-4299-945F-56AB31BAE9AF}.Release|x64.Build.0 = Release|x64
		{361C812C-4CD0-4299-945F-56AB31BAE9AF}.Release|x86.ActiveCfg = Release|Win32
		{361C812C-4CD0-4299-945F-56AB31BAE9AF}.Release|x86.Build.0 = Release|Win32
	EndGlobalSection
	GlobalSection(SolutionProperties) = preSolution
		HideSolutionNode = FALSE
	EndGlobalSection
EndGlobal
