<?xml version="1.0" encoding="utf-8"?>
<Project ToolsVersion="4.0" xmlns="http://schemas.microsoft.com/developer/msbuild/2003">
  <ItemGroup>
    <Filter Include="ソース ファイル">
      <UniqueIdentifier>{4FC737F1-C7A5-4376-A066-2A32D752A2FF}</UniqueIdentifier>
      <Extensions>cpp;c;cc;cxx;def;odl;idl;hpj;bat;asm;asmx</Extensions>
    </Filter>
    <Filter Include="ヘッダー ファイル">
      <UniqueIdentifier>{93995380-89BD-4b04-88EB-625FBE52EBFB}</UniqueIdentifier>
      <Extensions>h;hh;hpp;hxx;hm;inl;inc;xsd</Extensions>
    </Filter>
    <Filter Include="リソース ファイル">
      <UniqueIdentifier>{67DA6AB6-F800-4c08-8B7A-83BB121AAD01}</UniqueIdentifier>
      <Extensions>rc;ico;cur;bmp;dlg;rc2;rct;bin;rgs;gif;jpg;jpeg;jpe;resx;tiff;tif;png;wav;mfcribbon-ms</Extensions>
    </Filter>
    <Filter Include="Cell">
      <UniqueIdentifier>{17da0257-b0ee-42d3-acbd-e175fc31c1dc}</UniqueIdentifier>
    </Filter>
    <Filter Include="Board">
      <UniqueIdentifier>{0bfad6a3-9a1f-4d5f-aab5-b96aaeadc3e5}</UniqueIdentifier>
    </Filter>
    <Filter Include="Oselo">
      <UniqueIdentifier>{4ea96917-40c4-40ce-b695-b63ca3dc59ab}</UniqueIdentifier>
    </Filter>
    <Filter Include="Agent">
      <UniqueIdentifier>{58149742-1634-4e4a-b19b-0d849e60ceae}</UniqueIdentifier>
    </Filter>
  </ItemGroup>
  <ItemGroup>
    <Text Include="ReadMe.txt" />
  </ItemGroup>
  <ItemGroup>
    <ClInclude Include="stdafx.h">
      <Filter>ヘッダー ファイル</Filter>
    </ClInclude>
    <ClInclude Include="targetver.h">
      <Filter>ヘッダー ファイル</Filter>
    </ClInclude>
    <ClInclude Include="BackGroundClass.h">
      <Filter>ヘッダー ファイル</Filter>
    </ClInclude>
    <ClInclude Include="BaseObject.h">
      <Filter>ヘッダー ファイル</Filter>
    </ClInclude>
    <ClInclude Include="Object.h">
      <Filter>ヘッダー ファイル</Filter>
    </ClInclude>
    <ClInclude Include="ObjectMGR.h">
      <Filter>ヘッダー ファイル</Filter>
    </ClInclude>
    <ClInclude Include="Osero.h">
      <Filter>ヘッダー ファイル</Filter>
    </ClInclude>
    <ClInclude Include="RateClass.h">
      <Filter>ヘッダー ファイル</Filter>
    </ClInclude>
    <ClInclude Include="Resource.h">
      <Filter>ヘッダー ファイル</Filter>
    </ClInclude>
    <ClInclude Include="Test.h">
      <Filter>ヘッダー ファイル</Filter>
    </ClInclude>
    <ClInclude Include="CellClass.h">
      <Filter>Cell</Filter>
    </ClInclude>
    <ClInclude Include="CellMGR.h">
      <Filter>Cell</Filter>
    </ClInclude>
    <ClInclude Include="BoardInfo.h">
      <Filter>Board</Filter>
    </ClInclude>
    <ClInclude Include="OseloObject.h">
      <Filter>Oselo</Filter>
    </ClInclude>
    <ClInclude Include="UserAgent.h">
      <Filter>Agent</Filter>
    </ClInclude>
    <ClInclude Include="RandomAgent.h">
      <Filter>Agent</Filter>
    </ClInclude>
    <ClInclude Include="BaseAgent.h">
      <Filter>Agent</Filter>
    </ClInclude>
  </ItemGroup>
  <ItemGroup>
    <ClCompile Include="stdafx.cpp">
      <Filter>ソース ファイル</Filter>
    </ClCompile>
    <ClCompile Include="BaseObject.cpp">
      <Filter>ソース ファイル</Filter>
    </ClCompile>
    <ClCompile Include="Object.cpp">
      <Filter>ソース ファイル</Filter>
    </ClCompile>
    <ClCompile Include="ObjectMGR.cpp">
      <Filter>ソース ファイル</Filter>
    </ClCompile>
    <ClCompile Include="Main.cpp">
      <Filter>ソース ファイル</Filter>
    </ClCompile>
    <ClCompile Include="CellClass.cpp">
      <Filter>Cell</Filter>
    </ClCompile>
    <ClCompile Include="CellMGR.cpp">
      <Filter>Cell</Filter>
    </ClCompile>
    <ClCompile Include="CellPut.cpp">
      <Filter>Cell</Filter>
    </ClCompile>
    <ClCompile Include="OseloObject.cpp">
      <Filter>Oselo</Filter>
    </ClCompile>
  </ItemGroup>
  <ItemGroup>
    <ResourceCompile Include="Osero.rc">
      <Filter>リソース ファイル</Filter>
    </ResourceCompile>
  </ItemGroup>
  <ItemGroup>
    <Image Include="Osero.ico">
      <Filter>リソース ファイル</Filter>
    </Image>
    <Image Include="small.ico">
      <Filter>リソース ファイル</Filter>
    </Image>
  </ItemGroup>
</Project>